
Microsoft Visual Studio Solution File, Format Version 12.00
# Visual Studio Version 17
VisualStudioVersion = 17.1.32228.430
MinimumVisualStudioVersion = 10.0.40219.1
Project("{FAE04EC0-301F-11D3-BF4B-00C04F79EFBC}") = "Count_Word_OccurrencesInTextFile", "Count_Word_OccurrencesInTextFile\Count_Word_OccurrencesInTextFile.csproj", "{68B92453-5724-41E7-B16E-965F4CC58A61}"
EndProject
Global
	GlobalSection(SolutionConfigurationPlatforms) = preSolution
		Debug|Any CPU = Debug|Any CPU
		Release|Any CPU = Release|Any CPU
	EndGlobalSection
	GlobalSection(ProjectConfigurationPlatforms) = postSolution
		{68B92453-5724-41E7-B16E-965F4CC58A61}.Debug|Any CPU.ActiveCfg = Debug|Any CPU
		{68B92453-5724-41E7-B16E-965F4CC58A61}.Debug|Any CPU.Build.0 = Debug|Any CPU
		{68B92453-5724-41E7-B16E-965F4CC58A61}.Release|Any CPU.ActiveCfg = Release|Any CPU
		{68B92453-5724-41E7-B16E-965F4CC58A61}.Release|Any CPU.Build.0 = Release|Any CPU
	EndGlobalSection
	GlobalSection(SolutionProperties) = preSolution
		HideSolutionNode = FALSE
	EndGlobalSection
	GlobalSection(ExtensibilityGlobals) = postSolution
		SolutionGuid = {3DA3C0AC-55C0-4C2C-B0FC-5BA8F8278522}
	EndGlobalSection
EndGlobal
